{
  "projects": [
    {
      "projectId": "eiC1VCbma8t6iMexZerqLa",
      "version": "5.24.0",
      "dependencies": {},
      "lang": "ts",
      "fileLocks": [
        {
          "assetId": "eiC1VCbma8t6iMexZerqLa",
          "type": "projectCss",
          "checksum": "e1ec850476829c38b0f9b6d4f7ac446a"
        },
        {
          "assetId": "eiC1VCbma8t6iMexZerqLa",
          "checksum": "2def64ec49d06aa26baab1064739cbe0",
          "type": "globalContexts"
        }
      ],
      "codegenVersion": "0.0.1"
    },
    {
      "projectId": "xp1p7dmg329XVLHyuEUxD2",
      "version": "11.30.0",
      "dependencies": {},
      "lang": "ts",
      "fileLocks": [
        {
          "assetId": "xp1p7dmg329XVLHyuEUxD2",
          "type": "projectCss",
          "checksum": "1b891cf9539f1db972dc4163ae1172e9"
        }
      ],
      "codegenVersion": "0.0.1"
    },
    {
      "projectId": "seaQhLVS4bbjiGvJJrRwyL",
      "version": "15.0.3",
      "dependencies": {},
      "lang": "ts",
      "fileLocks": [
        {
          "assetId": "seaQhLVS4bbjiGvJJrRwyL",
          "type": "projectCss",
          "checksum": "8b140f54acb9f4aedf0b769d566851ea"
        }
      ],
      "codegenVersion": "0.0.1"
    },
    {
      "projectId": "u4w2nTMPubWj8TTdhou4Bg",
      "version": "latest",
      "dependencies": {
        "seaQhLVS4bbjiGvJJrRwyL": "15.0.3",
        "xp1p7dmg329XVLHyuEUxD2": "11.30.0",
        "eiC1VCbma8t6iMexZerqLa": "5.24.0"
      },
      "lang": "ts",
      "fileLocks": [
        {
          "type": "globalVariant",
          "assetId": "Eby33pPUIBX3",
          "checksum": "64aed065410b15887e8db7045f413b22"
        },
        {
          "assetId": "u4w2nTMPubWj8TTdhou4Bg",
          "type": "projectCss",
          "checksum": "74e0e06d24af84bc1cabb1a54fef18ca"
        },
        {
          "assetId": "u4w2nTMPubWj8TTdhou4Bg",
          "checksum": "cb281ad651ebdc2a536da15176c1363d",
          "type": "globalContexts"
        },
        {
          "type": "renderModule",
          "assetId": "1RLmyoomo-In",
          "checksum": "fc47e0390f901661a0bc52dca11feb95"
        },
        {
          "type": "cssRules",
          "assetId": "1RLmyoomo-In",
          "checksum": "fc47e0390f901661a0bc52dca11feb95"
        },
        {
          "type": "renderModule",
          "assetId": "Lf6_DrfASOl2",
          "checksum": "7ac41a8b766fde1f9a687b55d6685f39"
        },
        {
          "type": "cssRules",
          "assetId": "Lf6_DrfASOl2",
          "checksum": "7ac41a8b766fde1f9a687b55d6685f39"
        },
        {
          "type": "renderModule",
          "assetId": "4Hhog7zaP_CK",
          "checksum": "0f1c113345f337797daf75d9bfe1b276"
        },
        {
          "type": "cssRules",
          "assetId": "4Hhog7zaP_CK",
          "checksum": "0f1c113345f337797daf75d9bfe1b276"
        },
        {
          "type": "renderModule",
          "assetId": "ESEDpH_5Cp1D",
          "checksum": "bc9b18db2c8df67655f4ed7029a38d92"
        },
        {
          "type": "cssRules",
          "assetId": "ESEDpH_5Cp1D",
          "checksum": "bc9b18db2c8df67655f4ed7029a38d92"
        },
        {
          "type": "renderModule",
          "assetId": "MGmJAdZplKvm",
          "checksum": "e42a2cddd9ca1f6924ed0d545a658ba0"
        },
        {
          "type": "cssRules",
          "assetId": "MGmJAdZplKvm",
          "checksum": "e42a2cddd9ca1f6924ed0d545a658ba0"
        },
        {
          "type": "renderModule",
          "assetId": "Z8sQUxzXrUJg",
          "checksum": "1f2ae3366ec1a6b540a110ea0445a806"
        },
        {
          "type": "cssRules",
          "assetId": "Z8sQUxzXrUJg",
          "checksum": "1f2ae3366ec1a6b540a110ea0445a806"
        },
        {
          "type": "renderModule",
          "assetId": "MsQOqZksUZuI",
          "checksum": "5cf4d7ce03d7617c5bd480cb35bab135"
        },
        {
          "type": "cssRules",
          "assetId": "MsQOqZksUZuI",
          "checksum": "5cf4d7ce03d7617c5bd480cb35bab135"
        },
        {
          "type": "renderModule",
          "assetId": "erAWiXWwvt_U",
          "checksum": "776142c7937c01f3f5c61b6404ca190e"
        },
        {
          "type": "cssRules",
          "assetId": "erAWiXWwvt_U",
          "checksum": "776142c7937c01f3f5c61b6404ca190e"
        },
        {
          "type": "renderModule",
          "assetId": "rDFwK0iAltUr",
          "checksum": "5ea5fe62028c3248f2f8be6cc8596aaf"
        },
        {
          "type": "cssRules",
          "assetId": "rDFwK0iAltUr",
          "checksum": "5ea5fe62028c3248f2f8be6cc8596aaf"
        },
        {
          "type": "renderModule",
          "assetId": "bcTegk10Wycz",
          "checksum": "22d183609342c8bf22d2def9d0412989"
        },
        {
          "type": "cssRules",
          "assetId": "bcTegk10Wycz",
          "checksum": "22d183609342c8bf22d2def9d0412989"
        },
        {
          "type": "renderModule",
          "assetId": "IcGmonHhsP8c",
          "checksum": "59e2063721868e43e6bc0c619c8336a2"
        },
        {
          "type": "cssRules",
          "assetId": "IcGmonHhsP8c",
          "checksum": "59e2063721868e43e6bc0c619c8336a2"
        },
        {
          "type": "icon",
          "assetId": "xO4zpz9y__Bw",
          "checksum": "649d621b58fd0ad9d788a8299969c4d2"
        },
        {
          "type": "icon",
          "assetId": "owu3j9Ik23oX",
          "checksum": "881b0313b49a68da038543c906a75972"
        },
        {
          "type": "icon",
          "assetId": "lD9J08a6HYOH",
          "checksum": "1476d7fb801c328fe66a65253eb95465"
        },
        {
          "type": "icon",
          "assetId": "26vpjmeQ66J-",
          "checksum": "19b947d7de1b0a8a4b62ce708ace618f"
        },
        {
          "type": "icon",
          "assetId": "xBPATbAXNPPm",
          "checksum": "34ef847b5a4344d2497409743e279189"
        },
        {
          "type": "icon",
          "assetId": "K8Q-1c21x2h8",
          "checksum": "2e0a0c42764fa2135cdddda87d8d61d5"
        },
        {
          "type": "icon",
          "assetId": "3gLMi_8Tnqd-",
          "checksum": "2b0619d7c66de2a93f165f1435d7fc69"
        },
        {
          "type": "icon",
          "assetId": "YQqHwz-1x0QW",
          "checksum": "1f32240e7ce29ad6978603c24cdaaeea"
        },
        {
          "type": "icon",
          "assetId": "4rtZt9lGnISK",
          "checksum": "bd0683751c72b2041a54d9d0ed88c674"
        },
        {
          "type": "icon",
          "assetId": "vML2zzv_ydLJ",
          "checksum": "d1815cb82a7a76c44c93ebf052f19438"
        },
        {
          "type": "icon",
          "assetId": "yRNYBbDakjea",
          "checksum": "1901cc68d1bad6af0b2a52aae94a78cc"
        },
        {
          "type": "icon",
          "assetId": "2gxuQRtMSQ30",
          "checksum": "e7abad822dfb32668b28017c02b92dd4"
        },
        {
          "type": "icon",
          "assetId": "rcpgT-LzKyDX",
          "checksum": "60c1979fc57ffabaea3b83dbe71229d6"
        },
        {
          "type": "icon",
          "assetId": "B_4f1Szbh0Zi",
          "checksum": "d7299b8a402c2f41aff49fc86c028742"
        },
        {
          "type": "icon",
          "assetId": "MCb0_xhpjUVn",
          "checksum": "261d8c93ade8948a24b447e7a555299a"
        },
        {
          "type": "icon",
          "assetId": "0FFRs_yi9J85",
          "checksum": "16c311b364af423889ca4c771e89ef37"
        },
        {
          "type": "icon",
          "assetId": "ouhNYwLJPrFF",
          "checksum": "233ddb0dabec6fe36fe4f2cfc6fa06f6"
        },
        {
          "type": "image",
          "assetId": "JwHqkRlb54OI",
          "checksum": "aff41fcbefb636205f2e94e20c5b26c6"
        },
        {
          "type": "image",
          "assetId": "sAlkb_6_YTz_",
          "checksum": "0fd0f013e9bcbe29c9192f3370823b78"
        },
        {
          "type": "image",
          "assetId": "s0w9ws-seCqy",
          "checksum": "63f2e3395d940d12b3c8844badd95e0f"
        },
        {
          "type": "image",
          "assetId": "DEqEZEJLZ5yt",
          "checksum": "4af0bcd7c4c5ac8eef1bda708b6afa8b"
        },
        {
          "type": "image",
          "assetId": "1ImZIsYAAdNY",
          "checksum": "14ad10a2e702601f9a6ce1e78cf9e341"
        },
        {
          "type": "image",
          "assetId": "yUi2hobiobsc",
          "checksum": "d83cc907e7c893f937cbc20dd46b31ae"
        },
        {
          "type": "image",
          "assetId": "mRChytQKNhzT",
          "checksum": "3ece2ea5e06f7ac903c8ded391993335"
        },
        {
          "type": "image",
          "assetId": "Btrf3j5M2pnB",
          "checksum": "a6744722de13fdfaa46e372a4b7f389f"
        },
        {
          "type": "image",
          "assetId": "7M_lmq6e0vjq",
          "checksum": "99fea66b60bc49e7c222a6199b785013"
        },
        {
          "type": "image",
          "assetId": "tBcsTYVJDas1",
          "checksum": "5f11ff1a476d21efa5f78d96b3fb683a"
        },
        {
          "type": "image",
          "assetId": "5GzIT8_KyMbe",
          "checksum": "cf3392c2ea4d4eb2a69c75b33d60255a"
        },
        {
          "type": "image",
          "assetId": "XQ0DVShUVlYS",
          "checksum": "2654ffbbe4f23ff0c38fececdeefd996"
        },
        {
          "type": "image",
          "assetId": "0Bu1FRrShLHu",
          "checksum": "5ca3e2b71a467fd40ec842e14dc8a3e0"
        },
        {
          "type": "image",
          "assetId": "FXLwWJwen8fr",
          "checksum": "896eb8fd7ed1738e535e984e5d077bcf"
        },
        {
          "type": "image",
          "assetId": "zUdUj7NS_zVm",
          "checksum": "049c34ab30ab84e28177c004bda16fe4"
        },
        {
          "type": "image",
          "assetId": "JGktEeA8eZV1",
          "checksum": "d8ce4ecd97dcd650ee92d423745ea049"
        },
        {
          "type": "image",
          "assetId": "BPFWS43HhtQA",
          "checksum": "c31cc87db56c2fc2190123e0f8f9f08c"
        },
        {
          "type": "image",
          "assetId": "Zq5fJfiLxZTt",
          "checksum": "f89cd34f96ab779c160c7653548c9976"
        },
        {
          "type": "image",
          "assetId": "72SwCbhYNIHC",
          "checksum": "d42159467b27c285d0f0e3d55d13a71d"
        },
        {
          "type": "image",
          "assetId": "y9SQ_ZvK4jAk",
          "checksum": "f47eae60ef83bcf71a731a9d637a3f07"
        },
        {
          "type": "image",
          "assetId": "Eu43WSQQF-Sv",
          "checksum": "8067118a09825612c01df32010aaefab"
        },
        {
          "type": "image",
          "assetId": "kKRg5EvulnX3",
          "checksum": "638cd21f7c9740bcd8ed6f71feac611c"
        },
        {
          "type": "image",
          "assetId": "IEy2wwIo4H7D",
          "checksum": "693cc7fdd208e0d08afe6cfe5a8e7047"
        },
        {
          "type": "image",
          "assetId": "7AhGvvlAOnyx",
          "checksum": "c1a6566a42d219385d396926aedafc0b"
        },
        {
          "type": "image",
          "assetId": "9-RKa1te3kkJ",
          "checksum": "19c823a507f681124a55ff3763b803da"
        }
      ],
      "codegenVersion": "0.0.1"
    }
  ],
  "cliVersion": "0.1.327"
}
